
Microsoft Visual Studio Solution File, Format Version 12.00
# Visual Studio Version 16
VisualStudioVersion = 16.0.29519.181
MinimumVisualStudioVersion = 10.0.40219.1
Project("{9A19103F-16F7-4668-BE54-9A1E7A4F7556}") = "Wpf-Magazzino", "Wpf-Magazzino\Wpf-Magazzino.csproj", "{CDFA1E2A-95AE-4A50-9103-03BBD40EFF36}"
EndProject
Project("{2150E333-8FDC-42A3-9474-1A3956D46DE8}") = "image", "image", "{D953E507-8FB9-4BBB-AE3C-18D634AE76CE}"
	ProjectSection(SolutionItems) = preProject
		..\..\magazzino-png-4.png = ..\..\magazzino-png-4.png
	EndProjectSection
EndProject
Global
	GlobalSection(SolutionConfigurationPlatforms) = preSolution
		Debug|Any CPU = Debug|Any CPU
		Release|Any CPU = Release|Any CPU
	EndGlobalSection
	GlobalSection(ProjectConfigurationPlatforms) = postSolution
		{CDFA1E2A-95AE-4A50-9103-03BBD40EFF36}.Debug|Any CPU.ActiveCfg = Debug|Any CPU
		{CDFA1E2A-95AE-4A50-9103-03BBD40EFF36}.Debug|Any CPU.Build.0 = Debug|Any CPU
		{CDFA1E2A-95AE-4A50-9103-03BBD40EFF36}.Release|Any CPU.ActiveCfg = Release|Any CPU
		{CDFA1E2A-95AE-4A50-9103-03BBD40EFF36}.Release|Any CPU.Build.0 = Release|Any CPU
	EndGlobalSection
	GlobalSection(SolutionProperties) = preSolution
		HideSolutionNode = FALSE
	EndGlobalSection
	GlobalSection(ExtensibilityGlobals) = postSolution
		SolutionGuid = {BDD1E9F9-16F2-422A-BBC6-8B3A38EF5E24}
	EndGlobalSection
EndGlobal
